Microsoft Visual Studio Solution File, Format Version 11.00
# Visual Studio 2008

Project("{E15EE067-D8B5-A64B-FFD9-617121FA925B}") = "generative", "Assembly-CSharp.csproj", "{008F1EA2-A9D3-A86E-6EC7-66BF0A06B01C}"
EndProject
Global
	GlobalSection(SolutionConfigurationPlatforms) = preSolution
		Debug|Any CPU = Debug|Any CPU
		Release|Any CPU = Release|Any CPU
	EndGlobalSection
	GlobalSection(ProjectConfigurationPlatforms) = postSolution
		{008F1EA2-A9D3-A86E-6EC7-66BF0A06B01C}.Debug|Any CPU.ActiveCfg = Debug|Any CPU
		{008F1EA2-A9D3-A86E-6EC7-66BF0A06B01C}.Debug|Any CPU.Build.0 = Debug|Any CPU
		{008F1EA2-A9D3-A86E-6EC7-66BF0A06B01C}.Release|Any CPU.ActiveCfg = Release|Any CPU
		{008F1EA2-A9D3-A86E-6EC7-66BF0A06B01C}.Release|Any CPU.Build.0 = Release|Any CPU
	EndGlobalSection
	GlobalSection(SolutionProperties) = preSolution
		HideSolutionNode = FALSE
	EndGlobalSection
	GlobalSection(MonoDevelopProperties) = preSolution
		StartupItem = Assembly-CSharp.csproj
	EndGlobalSection
EndGlobal
